{
  "version": 1,
  "dependencies": {
    ".NETCoreApp,Version=v3.1": {
      "FSharp.Core": {
        "type": "Direct",
        "requested": "[4.7.0, )",
        "resolved": "4.7.0",
        "contentHash": "6Bf2qzSCaJoP6tTfO+a5muUS7QbyJANqSut73zQvwQ9It5P0ITz9VKseeia2ofco30c55EQ0jA2wf2+A2gpGnw=="
      },
      "Pulumi.Azure": {
        "type": "Direct",
        "requested": "[3.*, )",
        "resolved": "3.13.0",
        "contentHash": "22t+Fizg7YBoJGDKwX2eSdGDnoMxuB9puupYMckSd0jOT5btOAFs7vqIH+DU3D9z6nQcFqVe8Gc3IFJAt2BKtA==",
        "dependencies": {
          "Pulumi": "2.7.1",
          "System.Collections.Immutable": "1.6.0"
        }
      },
      "Pulumi.FSharp": {
        "type": "Direct",
        "requested": "[2.*, )",
        "resolved": "2.7.1",
        "contentHash": "K42L+HeBjrRzqvlEz4j2FSyH8//nn3Uzg0szegi/j1LpXGCIzGUkYMoziOwg/SMSqV8v2t4EfDCWkI9VkOneLQ==",
        "dependencies": {
          "FSharp.Core": "4.7.1",
          "Pulumi": "2.7.1"
        }
      },
      "Google.Protobuf": {
        "type": "Transitive",
        "resolved": "3.10.0",
        "contentHash": "Vg7uAamIF6bECZ2F3tMv2N8IvCbO750q/M+Yz16wu3W2F+grIV3eFcb/qLWzNBc/HJTTbHk2sLqDL8tMF1Xd5Q==",
        "dependencies": {
          "System.Memory": "4.5.2"
        }
      },
      "Grpc": {
        "type": "Transitive",
        "resolved": "2.24.0",
        "contentHash": "fNuzL91uTvZgo/9fh+np4A/I3IV2fEbnGOC7kFygQYn5hA5nW9pO0+U/vf/5h+Yo1DxdU7schqgWlsqKbo0IJg==",
        "dependencies": {
          "Grpc.Core": "2.24.0"
        }
      },
      "Grpc.Core": {
        "type": "Transitive",
        "resolved": "2.24.0",
        "contentHash": "BY81HFrX1dIHRzRXx1L2wIgqrL+47lEdTKf3RJQU1JVBXVScOT1V1VdpTSJCEs2/Sa0ii2QD3gr0j+uDp8CMBg==",
        "dependencies": {
          "Grpc.Core.Api": "2.24.0",
          "System.Memory": "4.5.3"
        }
      },
      "Grpc.Core.Api": {
        "type": "Transitive",
        "resolved": "2.24.0",
        "contentHash": "ngf/VbnX8+yD+BtQUVPjMqid64qqrQDij3DclmLCRfDBMD/X2fOHC9N+E6ckfjyfm8cG1iU+s4oHdjO08yjoeQ==",
        "dependencies": {
          "System.Memory": "4.5.3"
        }
      },
      "Microsoft.NETCore.Platforms": {
        "type": "Transitive",
        "resolved": "1.1.0",
        "contentHash": "bLpT1f/SFlO1CzqXG12KnJzpZs6lv24uX2Rzi4Fmm0noJpNlnWRVryuO3yK18Ca04t/YHcO1e1Z0WDfjseqNzw=="
      },
      "Microsoft.NETCore.Targets": {
        "type": "Transitive",
        "resolved": "1.1.0",
        "contentHash": "HvAzpoaIqrmZfsHAN4rLFji0r7YY5TP8r3SdkziXN7qU9KCpRIG+zfcBx+mIri/jkBNqjq4iWIfuYNtFBjSQ/g=="
      },
      "Microsoft.Win32.Primitives": {
        "type": "Transitive",
        "resolved": "4.3.0",
        "contentHash": "lVEpV5MbxU4s2TYoAqjE+iDRM9CqRT74UGN5O2WkIqXIu/7dCJ4zKViJ2FyFd/yLwEQ69j0V8T3b895e5RDnCg==",
        "dependencies": {
          "Microsoft.NETCore.Platforms": "1.1.0",
          "Microsoft.NETCore.Targets": "1.1.0",
          "System.Runtime": "4.3.0"
        }
      },
      "NETStandard.Library": {
        "type": "Transitive",
        "resolved": "1.6.1",
        "contentHash": "CXLcLbtJJeiW9ivOLlnU5IY5Mg7jitMBbc1IX71pNqDtCAc61e7yphLf8F38OQ85MP/5552HoGBw7rgSgnfL0A==",
        "dependencies": {
          "Microsoft.NETCore.Platforms": "1.1.0",
          "Microsoft.Win32.Primitives": "4.3.0",
          "System.AppContext": "4.3.0",
          "System.Collections": "4.3.0",
          "System.Collections.Concurrent": "4.3.0",
          "System.Console": "4.3.0",
          "System.Diagnostics.Debug": "4.3.0",
          "System.Diagnostics.Tools": "4.3.0",
          "System.Diagnostics.Tracing": "4.3.0",
          "System.Globalization": "4.3.0",
          "System.Globalization.Calendars": "4.3.0",
          "System.IO": "4.3.0",
          "System.IO.Compression": "4.3.0",
          "System.IO.Compression.ZipFile": "4.3.0",
          "System.IO.FileSystem": "4.3.0",
          "System.IO.FileSystem.Primitives": "4.3.0",
          "System.Linq": "4.3.0",
          "System.Linq.Expressions": "4.3.0",
          "System.Net.Http": "4.3.0",
          "System.Net.Primitives": "4.3.0",
          "System.Net.Sockets": "4.3.0",
          "System.ObjectModel": "4.3.0",
          "System.Reflection": "4.3.0",
          "System.Reflection.Extensions": "4.3.0",
          "System.Reflection.Primitives": "4.3.0",
          "System.Resources.ResourceManager": "4.3.0",
          "System.Runtime": "4.3.0",
          "System.Runtime.Extensions": "4.3.0",
          "System.Runtime.Handles": "4.3.0",
          "System.Runtime.InteropServices": "4.3.0",
          "System.Runtime.InteropServices.RuntimeInformation": "4.3.0",
          "System.Runtime.Numerics": "4.3.0",
          "System.Security.Cryptography.Algorithms": "4.3.0",
          "System.Security.Cryptography.Encoding": "4.3.0",
          "System.Security.Cryptography.Primitives": "4.3.0",
          "System.Security.Cryptography.X509Certificates": "4.3.0",
          "System.Text.Encoding": "4.3.0",
          "System.Text.Encoding.Extensions": "4.3.0",
          "System.Text.RegularExpressions": "4.3.0",
          "System.Threading": "4.3.0",
          "System.Threading.Tasks": "4.3.0",
          "System.Threading.Timer": "4.3.0",
          "System.Xml.ReaderWriter": "4.3.0",
          "System.Xml.XDocument": "4.3.0"
        }
      },
      "OneOf": {
        "type": "Transitive",
        "resolved": "2.1.151",
        "contentHash": "FzxOPV99ChA2VBtXNnysfarco2ORJdiS+EJoMRFqaPfJRGIXNkS0/SL7sUFQa8Jo6/QMMKNJKdPNkis86LFAsA==",
        "dependencies": {
          "NETStandard.Library": "1.6.1"
        }
      },
      "Pulumi": {
        "type": "Transitive",
        "resolved": "2.7.1",
        "contentHash": "v26cCpPcI1IjUpVRcbKi+dZwLKtVjXGXal2RJW1UqtOavWzjsyrXeMVh1yHfB6zEHLV5XuNxgdvJcKHEmJHwwg==",
        "dependencies": {
          "Google.Protobuf": "3.10.0",
          "Grpc": "2.24.0",
          "OneOf": "2.1.151",
          "Serilog": "2.9.0",
          "Serilog.Sinks.Console": "3.1.1",
          "Serilog.Sinks.File": "4.1.0",
          "System.Collections.Immutable": "1.6.0"
        }
      },
      "runtime.debian.8-x64.runtime.native.System.Security.Cryptography.OpenSsl": {
        "type": "Transitive",
        "resolved": "4.3.0",
        "contentHash": "ss+An+UMS0a9byNyJlzTBZYiVQEjr86127JBCQbAen9HuuQnNYTSklPV56Y6F8aMe6BDRgi7yP1NAOR5svEo/w=="
      },
      "runtime.fedora.23-x64.runtime.native.System.Security.Cryptography.OpenSsl": {
        "type": "Transitive",
        "resolved": "4.3.0",
        "contentHash": "/Y4y19PppGUgLjkbCri5XiEpAIebxNisIpVP0tD5j6V56dJfiIhawqS/Hrp1XblA+NExJQo//sNNvndDGjecqw=="
      },
      "runtime.fedora.24-x64.runtime.native.System.Security.Cryptography.OpenSsl": {
        "type": "Transitive",
        "resolved": "4.3.0",
        "contentHash": "SvrFzBc0MwphA4gOeQ1jnoJb+xs029Qgg3YsR9teXatsA+/RYEmsA4YdfYd0bK7QnHU0JB1RtzQdR7pq9+jdMQ=="
      },
      "runtime.native.System": {
        "type": "Transitive",
        "resolved": "4.3.0",
        "contentHash": "8XqmcKAMXSPBleklJyJb4I2Ovu2u0hxMUQ2qDM/m9KM4IksVBoOg2u4335wMdgDJNGXU9p6va7vrFHjcJvLSxQ==",
        "dependencies": {
          "Microsoft.NETCore.Platforms": "1.1.0",
          "Microsoft.NETCore.Targets": "1.1.0"
        }
      },
      "runtime.native.System.IO.Compression": {
        "type": "Transitive",
        "resolved": "4.3.0",
        "contentHash": "mEmXvF70JDoStBy58rgcuufhJksuwgaf8JskNGpuXJgSjOBMKZicK0h5OCzDHeGXhM75JJiu1z7Lz7UAUg8Z4A==",
        "dependencies": {
          "Microsoft.NETCore.Platforms": "1.1.0",
          "Microsoft.NETCore.Targets": "1.1.0"
        }
      },
      "runtime.native.System.Net.Http": {
        "type": "Transitive",
        "resolved": "4.3.0",
        "contentHash": "+z9mpS68B9Utj97t/Y2pTDPhZS8xNqJUx8eTghnpb5aHjeETViUqmt5+Y17PnCQmXXnJK1bVCJ+qARZ4/a9jHg==",
        "dependencies": {
          "Microsoft.NETCore.Platforms": "1.1.0",
          "Microsoft.NETCore.Targets": "1.1.0"
        }
      },
      "runtime.native.System.Security.Cryptography.Apple": {
        "type": "Transitive",
        "resolved": "4.3.0",
        "contentHash": "2P2TsKIoq9Zc5wQ2WYNEm5qy1ZdpPhiRmtrBRPCfPhRU8TcrP+T6jjrwZ0+fxbpqBY3RJWGzTQjsY4tRY+2bww==",
        "dependencies": {
          "runtime.osx.10.10-x64.runtime.native.System.Security.Cryptography.Apple": "4.3.0"
        }
      },
      "runtime.native.System.Security.Cryptography.OpenSsl": {
        "type": "Transitive",
        "resolved": "4.3.0",
        "contentHash": "7l0EeQi5m3dv+btUhWRUsksJoPknGxJyOVQ7H1+qM4GgMtnutNgT0BtaS30YO2oWJQ8Vn9xFDVMUp+rOFVC+ow==",
        "dependencies": {
          "runtime.debian.8-x64.runtime.native.System.Security.Cryptography.OpenSsl": "4.3.0",
          "runtime.fedora.23-x64.runtime.native.System.Security.Cryptography.OpenSsl": "4.3.0",
          "runtime.fedora.24-x64.runtime.native.System.Security.Cryptography.OpenSsl": "4.3.0",
          "runtime.opensuse.13.2-x64.runtime.native.System.Security.Cryptography.OpenSsl": "4.3.0",
          "runtime.opensuse.42.1-x64.runtime.native.System.Security.Cryptography.OpenSsl": "4.3.0",
          "runtime.osx.10.10-x64.runtime.native.System.Security.Cryptography.OpenSsl": "4.3.0",
          "runtime.rhel.7-x64.runtime.native.System.Security.Cryptography.OpenSsl": "4.3.0",
          "runtime.ubuntu.14.04-x64.runtime.native.System.Security.Cryptography.OpenSsl": "4.3.0",
          "runtime.ubuntu.16.04-x64.runtime.native.System.Security.Cryptography.OpenSsl": "4.3.0",
          "runtime.ubuntu.16.10-x64.runtime.native.System.Security.Cryptography.OpenSsl": "4.3.0"
        }
      },
      "runtime.opensuse.13.2-x64.runtime.native.System.Security.Cryptography.OpenSsl": {
        "type": "Transitive",
        "resolved": "4.3.0",
        "contentHash": "gb25PByGxWA0PfbMNnSZ+yoBqbMBZhe+QWh0ojxDVajZXHvjTxdVEPP96khyMCqHyO+rmKMo36OUIttSDD8pHA=="
      },
      "runtime.opensuse.42.1-x64.runtime.native.System.Security.Cryptography.OpenSsl": {
        "type": "Transitive",
        "resolved": "4.3.0",
        "contentHash": "belUS02knxJ2gM9bO0r+qWv8rDKTA4obChLuoK1gvjaK8x7h39ZtSNRYtAIAc4wEqgxxrcxUri3dvqLNUNbyjQ=="
      },
      "runtime.osx.10.10-x64.runtime.native.System.Security.Cryptography.Apple": {
        "type": "Transitive",
        "resolved": "4.3.0",
        "contentHash": "/RVTRwCvwH7xKucWDcfp+SnQD9h22JXbDK3KtGUc436lwnbme1H6nPIcZ9BzJ2fNNkliI9lmleN+PiJ89rX11A=="
      },
      "runtime.osx.10.10-x64.runtime.native.System.Security.Cryptography.OpenSsl": {
        "type": "Transitive",
        "resolved": "4.3.0",
        "contentHash": "YdoWZ6XdHlOl0Z++kKu/4zLYT+dV+4EaCAZopH1BqX20RTnjF0/R0qB3D/G9g6+mjILOBt9XddplpgVMzBLEvg=="
      },
      "runtime.rhel.7-x64.runtime.native.System.Security.Cryptography.OpenSsl": {
        "type": "Transitive",
        "resolved": "4.3.0",
        "contentHash": "5lpqHxkoz7dgw5WjmVQtx/kIc5nFOHQ3ZgRQSuYKvS2iTtc169FI0zUACl41yBCOpVQEaF6QLfOS6sLo04+2ZQ=="
      },
      "runtime.ubuntu.14.04-x64.runtime.native.System.Security.Cryptography.OpenSsl": {
        "type": "Transitive",
        "resolved": "4.3.0",
        "contentHash": "yfIZUV4mjPQOFrE1vWTLqVw16Gbdm8NJVBWVYjFNAdL56n64sNuUrPa9rIPWUdkLrXiQy2V//kD6NEDsZiyZRA=="
      },
      "runtime.ubuntu.16.04-x64.runtime.native.System.Security.Cryptography.OpenSsl": {
        "type": "Transitive",
        "resolved": "4.3.0",
        "contentHash": "SYGy16EGcDsYXhdq01v9oUkVbzt1J3j6ccVrNoZAd2X9K2Yl3jUr1WOqweHodp14hsxZoNXQv7Qe1gJ3NgvrgQ=="
      },
      "runtime.ubuntu.16.10-x64.runtime.native.System.Security.Cryptography.OpenSsl": {
        "type": "Transitive",
        "resolved": "4.3.0",
        "contentHash": "Xb5rwAeptGSR5SmWAikfXb+MyNUebBsI2y+g79NlmQtBtuGB7Wv4Loc6ZZOWQnvA4z6FtH1kXSc/74v47GQ2MQ=="
      },
      "Serilog": {
        "type": "Transitive",
        "resolved": "2.9.0",
        "contentHash": "QzcrD33A3+CsVvwi1I5CSei67ikQnkGrw7SscgL+vZTghaC2aNYg8fiUcedXHzKJFNjgje9rBjzwYGQTKEaXaA=="
      },
      "Serilog.Sinks.Console": {
        "type": "Transitive",
        "resolved": "3.1.1",
        "contentHash": "fI0fxK/dcV0yYdAqdrJ4EWS7AnSyvlyDNV0HkZF32AYNHu7TXKnmN6QQyFJiwCHZFp6ghksVAhwh+tHsplHDFA==",
        "dependencies": {
          "Serilog": "2.5.0",
          "System.Console": "4.3.0",
          "System.Runtime.InteropServices": "4.3.0",
          "System.Runtime.InteropServices.RuntimeInformation": "4.3.0"
        }
      },
      "Serilog.Sinks.File": {
        "type": "Transitive",
        "resolved": "4.1.0",
        "contentHash": "U0b34w+ZikbqWEZ3ui7BdzxY/19zwrdhLtI3o6tfmLdD3oXxg7n2TZJjwCCTlKPgRuYic9CBWfrZevbb70mTaw==",
        "dependencies": {
          "Serilog": "2.5.0",
          "System.IO.FileSystem": "4.0.1",
          "System.Text.Encoding.Extensions": "4.0.11",
          "System.Threading.Timer": "4.0.1"
        }
      },
      "System.AppContext": {
        "type": "Transitive",
        "resolved": "4.3.0",
        "contentHash": "5nKBbgZO8ASykLwABiFkpGSWdd6AcOxB3s59aNKt6uXM5PgKMGQ9wSxhuOZVY+fs3Aci3ltkciCM0Qi9BOojEw==",
        "dependencies": {
          "System.Runtime": "4.3.0"
        }
      },
      "System.Buffers": {
        "type": "Transitive",
        "resolved": "4.3.0",
        "contentHash": "Pcv2b27ffpu09pjN3PgbnQWYEdhOBcesYYsmQO/tZC8Imw74TJJ8X1j+/+Q7uWprz0/sQiUpuCmYsY1w5GSMvg==",
        "dependencies": {
          "System.Diagnostics.Debug": "4.3.0",
          "System.Diagnostics.Tracing": "4.3.0",
          "System.Resources.ResourceManager": "4.3.0",
          "System.Runtime": "4.3.0",
          "System.Threading": "4.3.0"
        }
      },
      "System.Collections": {
        "type": "Transitive",
        "resolved": "4.3.0",
        "contentHash": "Sq89wb8ZfSKV/8QnTAtjaoa8IPGYp5RH0bs/g48QPic84ghKuK3XydcMek5fz3fZS3mkvudrofHbSTgmhFk5dA==",
        "dependencies": {
          "Microsoft.NETCore.Platforms": "1.1.0",
          "Microsoft.NETCore.Targets": "1.1.0",
          "System.Runtime": "4.3.0"
        }
      },
      "System.Collections.Concurrent": {
        "type": "Transitive",
        "resolved": "4.3.0",
        "contentHash": "QhuuRkkbfDkja9S2NhDzrD3NyOxCQidryNrjXpfWa4J7U0/1PZctCynRsw4s9LYRfJU/G/ZMWQ9n6agD13fybg==",
        "dependencies": {
          "System.Collections": "4.3.0",
          "System.Diagnostics.Debug": "4.3.0",
          "System.Diagnostics.Tracing": "4.3.0",
          "System.Globalization": "4.3.0",
          "System.Reflection": "4.3.0",
          "System.Resources.ResourceManager": "4.3.0",
          "System.Runtime": "4.3.0",
          "System.Runtime.Extensions": "4.3.0",
          "System.Threading": "4.3.0",
          "System.Threading.Tasks": "4.3.0"
        }
      },
      "System.Collections.Immutable": {
        "type": "Transitive",
        "resolved": "1.6.0",
        "contentHash": "+aL946rTSJyo4PqstwsVZ5RBfaxfkIx+nTMfpmaxzorqgifRJwndBZhXPWNWGJpys7cQ1/vCvilYN9ugM05JFA=="
      },
      "System.Console": {
        "type": "Transitive",
        "resolved": "4.3.0",
        "contentHash": "syp7JD6HpksIy8mxgSKnw8eazXUnIh4Ounj3rwZOEhUNUaEtz0VR6FGO3wWAz4fk7zwp8nvprej1qPcAaePc2Q==",
        "dependencies": {
          "Microsoft.NETCore.Platforms": "1.1.0",
          "Microsoft.NETCore.Targets": "1.1.0",
          "System.IO": "4.3.0",
          "System.Runtime": "4.3.0",
          "System.Text.Encoding": "4.3.0"
        }
      },
      "System.Diagnostics.Debug": {
        "type": "Transitive",
        "resolved": "4.3.0",
        "contentHash": "hmYs+oWIHYXe9eG35TN4KJRG+ZN8Gmha37nrFqg6PQyUSDoNxuLgak/NEgwNUmGl0Xic3HO33dIHcWBP3RwLNQ==",
        "dependencies": {
          "Microsoft.NETCore.Platforms": "1.1.0",
          "Microsoft.NETCore.Targets": "1.1.0",
          "System.Runtime": "4.3.0"
        }
      },
      "System.Diagnostics.DiagnosticSource": {
        "type": "Transitive",
        "resolved": "4.3.0",
        "contentHash": "j1TfX/OCtmUOLhDRBDhjokv0n/BxTneeg3zXBz5G+yY1vPzc+Z18Sp2V816//YarDKBoMF9LJFBy4IMDuRezTQ==",
        "dependencies": {
          "System.Collections": "4.3.0",
          "System.Diagnostics.Tracing": "4.3.0",
          "System.Reflection": "4.3.0",
          "System.Runtime": "4.3.0",
          "System.Threading": "4.3.0"
        }
      },
      "System.Diagnostics.Tools": {
        "type": "Transitive",
        "resolved": "4.3.0",
        "contentHash": "rXVKIhtRjVmvEUoTO7GEFJhCkToNYZQL241l71/O6pz5uUL4aD1cMPkh6PV+jJMDu4ycicdKT3oTRu9X95+G9g==",
        "dependencies": {
          "Microsoft.NETCore.Platforms": "1.1.0",
          "Microsoft.NETCore.Targets": "1.1.0",
          "System.Runtime": "4.3.0"
        }
      },
      "System.Diagnostics.Tracing": {
        "type": "Transitive",
        "resolved": "4.3.0",
        "contentHash": "734YE7IKxahV+PX1DhMBN3M1Bt6akEFo/5ew4AEZlLWd7dd/skEivS39GdhOVC0BaH54X56YRkNktguJ4aktxA==",
        "dependencies": {
          "Microsoft.NETCore.Platforms": "1.1.0",
          "Microsoft.NETCore.Targets": "1.1.0",
          "System.Runtime": "4.3.0"
        }
      },
      "System.Globalization": {
        "type": "Transitive",
        "resolved": "4.3.0",
        "contentHash": "yB30lW8kqTRA1QNtNto0MGDFfyXYs5FDvehLvp6iKwUtYky3g0PfNR5Z8o0cLzMjM2l7vHLTfDD2r/bqyShSSw==",
        "dependencies": {
          "Microsoft.NETCore.Platforms": "1.1.0",
          "Microsoft.NETCore.Targets": "1.1.0",
          "System.Runtime": "4.3.0"
        }
      },
      "System.Globalization.Calendars": {
        "type": "Transitive",
        "resolved": "4.3.0",
        "contentHash": "5yf9VY9Xhz/EpmssQRJYnrPSzE373RGJPIFe+tND+cOiCJTSE1vG4r3SxdpYCnU5WJ9bEEUQj61tl0n+kmNolQ==",
        "dependencies": {
          "Microsoft.NETCore.Platforms": "1.1.0",
          "Microsoft.NETCore.Targets": "1.1.0",
          "System.Globalization": "4.3.0",
          "System.Runtime": "4.3.0"
        }
      },
      "System.Globalization.Extensions": {
        "type": "Transitive",
        "resolved": "4.3.0",
        "contentHash": "KxepqG9XPWLSluJk8ceaClVCOcXgbBfqEHvbL2drAfWv9y0vX7OIb3dc4hVutO0M6jzsl45G7Wd0H3FpiecbpQ==",
        "dependencies": {
          "Microsoft.NETCore.Platforms": "1.1.0",
          "System.Globalization": "4.3.0",
          "System.Resources.ResourceManager": "4.3.0",
          "System.Runtime": "4.3.0",
          "System.Runtime.Extensions": "4.3.0",
          "System.Runtime.InteropServices": "4.3.0"
        }
      },
      "System.IO": {
        "type": "Transitive",
        "resolved": "4.3.0",
        "contentHash": "wckEcDuI4dZi8+12Qtl4MYBsmcoWN/KANlMl9i7d+jo6gB3W/EymDtErGKKJdb9BG0Rr//N+WpvEAnTNPzonpA==",
        "dependencies": {
          "Microsoft.NETCore.Platforms": "1.1.0",
          "Microsoft.NETCore.Targets": "1.1.0",
          "System.Runtime": "4.3.0",
          "System.Text.Encoding": "4.3.0",
          "System.Threading.Tasks": "4.3.0"
        }
      },
      "System.IO.Compression": {
        "type": "Transitive",
        "resolved": "4.3.0",
        "contentHash": "b6+B6LIHOW0LdO6Tvnuk5fTzeCetD9jfsuhdHUjxf93axtaklrlaNUxrjKtqOsRUS7OS1Y3erUCeZdSXBEXBeQ==",
        "dependencies": {
          "Microsoft.NETCore.Platforms": "1.1.0",
          "System.Buffers": "4.3.0",
          "System.Collections": "4.3.0",
          "System.Diagnostics.Debug": "4.3.0",
          "System.IO": "4.3.0",
          "System.Resources.ResourceManager": "4.3.0",
          "System.Runtime": "4.3.0",
          "System.Runtime.Extensions": "4.3.0",
          "System.Runtime.Handles": "4.3.0",
          "System.Runtime.InteropServices": "4.3.0",
          "System.Text.Encoding": "4.3.0",
          "System.Threading": "4.3.0",
          "System.Threading.Tasks": "4.3.0",
          "runtime.native.System": "4.3.0",
          "runtime.native.System.IO.Compression": "4.3.0"
        }
      },
      "System.IO.Compression.ZipFile": {
        "type": "Transitive",
        "resolved": "4.3.0",
        "contentHash": "5mytGHV77ZPgcu0hrqm7purPpts4oljpFJrvgMelHgAYkbewCD9PcsYjD4ZWuOGAxzIgoQ1YEQl1kt3DDNvG4w==",
        "dependencies": {
          "System.Buffers": "4.3.0",
          "System.IO": "4.3.0",
          "System.IO.Compression": "4.3.0",
          "System.IO.FileSystem": "4.3.0",
          "System.IO.FileSystem.Primitives": "4.3.0",
          "System.Resources.ResourceManager": "4.3.0",
          "System.Runtime": "4.3.0",
          "System.Runtime.Extensions": "4.3.0",
          "System.Text.Encoding": "4.3.0"
        }
      },
      "System.IO.FileSystem": {
        "type": "Transitive",
        "resolved": "4.3.0",
        "contentHash": "P4HcVhOs653qb6GD50W1k49AuCunYjvZhJqRn41f78zsvjz0dNQRy5dD468JPQRYXph4A/YTw5Ec3avfBy2Ydw==",
        "dependencies": {
          "Microsoft.NETCore.Platforms": "1.1.0",
          "Microsoft.NETCore.Targets": "1.1.0",
          "System.IO": "4.3.0",
          "System.IO.FileSystem.Primitives": "4.3.0",
          "System.Runtime": "4.3.0",
          "System.Runtime.Handles": "4.3.0",
          "System.Text.Encoding": "4.3.0",
          "System.Threading.Tasks": "4.3.0"
        }
      },
      "System.IO.FileSystem.Primitives": {
        "type": "Transitive",
        "resolved": "4.3.0",
        "contentHash": "VEikNlyDnwD7+ZWczn6j8bZarWW/jkvdfzwTMpGLQzkBAYC3eJVNWFl5fjrCramNyj3S5iDCHmBtJ/zkkV7HKw==",
        "dependencies": {
          "System.Runtime": "4.3.0"
        }
      },
      "System.Linq": {
        "type": "Transitive",
        "resolved": "4.3.0",
        "contentHash": "uiRUo+Hm3AGUAv+wr7dl1UknQ0QT7MJzE/6G9qklxRZbKRYSGbQGwhD9F7rGR7v95ANBZo49XYx2gZUeZMetxg==",
        "dependencies": {
          "System.Collections": "4.3.0",
          "System.Diagnostics.Debug": "4.3.0",
          "System.Resources.ResourceManager": "4.3.0",
          "System.Runtime": "4.3.0",
          "System.Runtime.Extensions": "4.3.0"
        }
      },
      "System.Linq.Expressions": {
        "type": "Transitive",
        "resolved": "4.3.0",
        "contentHash": "IsFi0luJoHMDdFluR7ON3446m6vJIsZ/v/bqRs9siXNCDwePWUpUal2bEcsAv/D0oKOqlp4Cg4UESY6LyLLMUA==",
        "dependencies": {
          "System.Collections": "4.3.0",
          "System.Diagnostics.Debug": "4.3.0",
          "System.Globalization": "4.3.0",
          "System.IO": "4.3.0",
          "System.Linq": "4.3.0",
          "System.ObjectModel": "4.3.0",
          "System.Reflection": "4.3.0",
          "System.Reflection.Emit": "4.3.0",
          "System.Reflection.Emit.ILGeneration": "4.3.0",
          "System.Reflection.Emit.Lightweight": "4.3.0",
          "System.Reflection.Extensions": "4.3.0",
          "System.Reflection.Primitives": "4.3.0",
          "System.Reflection.TypeExtensions": "4.3.0",
          "System.Resources.ResourceManager": "4.3.0",
          "System.Runtime": "4.3.0",
          "System.Runtime.Extensions": "4.3.0",
          "System.Threading": "4.3.0"
        }
      },
      "System.Memory": {
        "type": "Transitive",
        "resolved": "4.5.3",
        "contentHash": "3oDzvc/zzetpTKWMShs1AADwZjQ/36HnsufHRPcOjyRAAMLDlu2iD33MBI2opxnezcVUtXyqDXXjoFMOU9c7SA=="
      },
      "System.Net.Http": {
        "type": "Transitive",
        "resolved": "4.3.0",
        "contentHash": "6BBc6BUa7pWFL7KUI/c8wb18IobTZHTtcQKksxJI5F9DRDShdtOvBEJzg5jJbFdTll7gRE+5yXUlq72ciLE+QQ==",
        "dependencies": {
          "Microsoft.NETCore.Platforms": "1.1.0",
          "System.Collections": "4.3.0",
          "System.Diagnostics.Debug": "4.3.0",
          "System.Diagnostics.DiagnosticSource": "4.3.0",
          "System.Diagnostics.Tracing": "4.3.0",
          "System.Globalization": "4.3.0",
          "System.Globalization.Extensions": "4.3.0",
          "System.IO": "4.3.0",
          "System.IO.FileSystem": "4.3.0",
          "System.Net.Primitives": "4.3.0",
          "System.Resources.ResourceManager": "4.3.0",
          "System.Runtime": "4.3.0",
          "System.Runtime.Extensions": "4.3.0",
          "System.Runtime.Handles": "4.3.0",
          "System.Runtime.InteropServices": "4.3.0",
          "System.Security.Cryptography.Algorithms": "4.3.0",
          "System.Security.Cryptography.Encoding": "4.3.0",
          "System.Security.Cryptography.OpenSsl": "4.3.0",
          "System.Security.Cryptography.Primitives": "4.3.0",
          "System.Security.Cryptography.X509Certificates": "4.3.0",
          "System.Text.Encoding": "4.3.0",
          "System.Threading": "4.3.0",
          "System.Threading.Tasks": "4.3.0",
          "runtime.native.System": "4.3.0",
          "runtime.native.System.Net.Http": "4.3.0",
          "runtime.native.System.Security.Cryptography.OpenSsl": "4.3.0"
        }
      },
      "System.Net.Primitives": {
        "type": "Transitive",
        "resolved": "4.3.0",
        "contentHash": "85rtq60uRSPcKtL+0pSwciWhIQdp1kkPfH6aNrNdLaZQ9vKHT7Wyk0ThyMvM8X5uoiMzajsedWTO6tsWhBn97A==",
        "dependencies": {
          "Microsoft.NETCore.Platforms": "1.1.0",
          "Microsoft.NETCore.Targets": "1.1.0",
          "System.Runtime": "4.3.0",
          "System.Runtime.Handles": "4.3.0"
        }
      },
      "System.Net.Sockets": {
        "type": "Transitive",
        "resolved": "4.3.0",
        "contentHash": "5KGtUBF9wkKYS8RStlExmFU52DOrpmUTkOdJnKVUCYSJSCiEMiGYG3sjI6G6Jw94pelfTJ6IhSSrEk00X2rvpw==",
        "dependencies": {
          "Microsoft.NETCore.Platforms": "1.1.0",
          "Microsoft.NETCore.Targets": "1.1.0",
          "System.IO": "4.3.0",
          "System.Net.Primitives": "4.3.0",
          "System.Runtime": "4.3.0",
          "System.Threading.Tasks": "4.3.0"
        }
      },
      "System.ObjectModel": {
        "type": "Transitive",
        "resolved": "4.3.0",
        "contentHash": "mhI0P0IrnXPD/uzKtReZS2s0whX/7ISLdUK4KCEjqgWk7Qne3UAbSZp72sYyRUT+PqXBbB0evmcEsDzR6VcpvA==",
        "dependencies": {
          "System.Collections": "4.3.0",
          "System.Diagnostics.Debug": "4.3.0",
          "System.Resources.ResourceManager": "4.3.0",
          "System.Runtime": "4.3.0",
          "System.Threading": "4.3.0"
        }
      },
      "System.Reflection": {
        "type": "Transitive",
        "resolved": "4.3.0",
        "contentHash": "ZU0zgGrXhZZhqQwpuaJ0nS5Bsf6PHb4F2qpSWv5KgCCAHXIEvdw6fSslRYpJO7VfF5xdPBUQIC7tRUr6g85Q5Q==",
        "dependencies": {
          "Microsoft.NETCore.Platforms": "1.1.0",
          "Microsoft.NETCore.Targets": "1.1.0",
          "System.IO": "4.3.0",
          "System.Reflection.Primitives": "4.3.0",
          "System.Runtime": "4.3.0"
        }
      },
      "System.Reflection.Emit": {
        "type": "Transitive",
        "resolved": "4.3.0",
        "contentHash": "ql95liMGcvj5JSNaETJfHuuR5Ah9BVBtjv/r/E0RIox0ekSsjXwKlmP3/CcUDVwD6KGFO0LrAVGyvMtK6bvDYw==",
        "dependencies": {
          "System.IO": "4.3.0",
          "System.Reflection": "4.3.0",
          "System.Reflection.Emit.ILGeneration": "4.3.0",
          "System.Reflection.Primitives": "4.3.0",
          "System.Runtime": "4.3.0"
        }
      },
      "System.Reflection.Emit.ILGeneration": {
        "type": "Transitive",
        "resolved": "4.3.0",
        "contentHash": "tYHQwkcI4eE7mWwLthRAErGz1/4RywVKst8gexF3LdtfnHomzekzLshic7PtuE1Ho3PzJf3d0JgthGPNg4xQcg==",
        "dependencies": {
          "System.Reflection": "4.3.0",
          "System.Reflection.Primitives": "4.3.0",
          "System.Runtime": "4.3.0"
        }
      },
      "System.Reflection.Emit.Lightweight": {
        "type": "Transitive",
        "resolved": "4.3.0",
        "contentHash": "PhJDDdwLsngEm6N5o97GqzD8K68diocUUVNJWyamzw8LgBx+ujzNGyTOj2fpj5fLAm3+H/bgwLpz+G4lINjO8g==",
        "dependencies": {
          "System.Reflection": "4.3.0",
          "System.Reflection.Emit.ILGeneration": "4.3.0",
          "System.Reflection.Primitives": "4.3.0",
          "System.Runtime": "4.3.0"
        }
      },
      "System.Reflection.Extensions": {
        "type": "Transitive",
        "resolved": "4.3.0",
        "contentHash": "tWvVtxsxKBx5NDZUYK4P1loNqu1TMvseVYINmhOFFPLjWyiGHVBS1SmyoLHAGhlieCnbPxLQ/Ey3vQG+5FclAA==",
        "dependencies": {
          "Microsoft.NETCore.Platforms": "1.1.0",
          "Microsoft.NETCore.Targets": "1.1.0",
          "System.Reflection": "4.3.0",
          "System.Runtime": "4.3.0"
        }
      },
      "System.Reflection.Primitives": {
        "type": "Transitive",
        "resolved": "4.3.0",
        "contentHash": "NdjlLHz3YKHLJSxH9LHatxgNhul9lOY1n70eIQyvl/oWGdckVTkVuxBA0H2qomii+50EDtzRaiyNd4DIktKeLg==",
        "dependencies": {
          "Microsoft.NETCore.Platforms": "1.1.0",
          "Microsoft.NETCore.Targets": "1.1.0",
          "System.Runtime": "4.3.0"
        }
      },
      "System.Reflection.TypeExtensions": {
        "type": "Transitive",
        "resolved": "4.3.0",
        "contentHash": "aK6BpjW5ryrun8j8j+faA1bvTaTrMvgaift1YTuWcU6PGh9MEr0NM177sDQIzHp0QxSDfxNWTV+yYsonIFVnfw==",
        "dependencies": {
          "System.Reflection": "4.3.0",
          "System.Runtime": "4.3.0"
        }
      },
      "System.Resources.ResourceManager": {
        "type": "Transitive",
        "resolved": "4.3.0",
        "contentHash": "R8wUK5ay64ZM78dO5kIAgG19QwWeMBbmITLWk7sklZXO91PHXey3zHaLWifjlD+nTy/pV8AhsjeypsIoS6Sazw==",
        "dependencies": {
          "Microsoft.NETCore.Platforms": "1.1.0",
          "Microsoft.NETCore.Targets": "1.1.0",
          "System.Globalization": "4.3.0",
          "System.Reflection": "4.3.0",
          "System.Runtime": "4.3.0"
        }
      },
      "System.Runtime": {
        "type": "Transitive",
        "resolved": "4.3.0",
        "contentHash": "Iega03AiD9H62x93jOVsATtQvRjJN1k/ilY3Qzy2RowXZMz6GErykT6vgstHGc9kKgf9297RCQgzmWar2fpX4g==",
        "dependencies": {
          "Microsoft.NETCore.Platforms": "1.1.0",
          "Microsoft.NETCore.Targets": "1.1.0"
        }
      },
      "System.Runtime.Extensions": {
        "type": "Transitive",
        "resolved": "4.3.0",
        "contentHash": "YTCPFa8smQtinQ2hf6N+rufLCRm+WrWd9ANe2Da5qgHyA+0LzqNdgCO1m3IDDdsg6dJtq49mAMNxLZI9zggHlg==",
        "dependencies": {
          "Microsoft.NETCore.Platforms": "1.1.0",
          "Microsoft.NETCore.Targets": "1.1.0",
          "System.Runtime": "4.3.0"
        }
      },
      "System.Runtime.Handles": {
        "type": "Transitive",
        "resolved": "4.3.0",
        "contentHash": "HxEzmBPIX/i9q0N6FTvqBvtTOGnq2+cDNZ/SjfaJhzCVkhS5EMh0Rwuf/fmzJjnCOrglUlF87og5YQceLPbD6A==",
        "dependencies": {
          "Microsoft.NETCore.Platforms": "1.1.0",
          "Microsoft.NETCore.Targets": "1.1.0",
          "System.Runtime": "4.3.0"
        }
      },
      "System.Runtime.InteropServices": {
        "type": "Transitive",
        "resolved": "4.3.0",
        "contentHash": "KsRmVNVO/NiRlKsYv6z5yN35TKFGAQz2d1bGjseDU5abCdwRJeboV5kVjI+UZUNmE7hTVkhNOH0+9EmDAlHSIQ==",
        "dependencies": {
          "Microsoft.NETCore.Platforms": "1.1.0",
          "Microsoft.NETCore.Targets": "1.1.0",
          "System.Reflection": "4.3.0",
          "System.Reflection.Primitives": "4.3.0",
          "System.Runtime": "4.3.0",
          "System.Runtime.Handles": "4.3.0"
        }
      },
      "System.Runtime.InteropServices.RuntimeInformation": {
        "type": "Transitive",
        "resolved": "4.3.0",
        "contentHash": "oMQ/8LBeFAiVQS/HCgcjoFvNeP7ne2TPDrnkAUfJLBzQMmChu1gz8rP/2SnGMG/NrdwQHKAJ+0I/LwDGX7uNPQ==",
        "dependencies": {
          "System.Reflection": "4.3.0",
          "System.Reflection.Extensions": "4.3.0",
          "System.Resources.ResourceManager": "4.3.0",
          "System.Runtime": "4.3.0",
          "System.Runtime.InteropServices": "4.3.0",
          "System.Threading": "4.3.0",
          "runtime.native.System": "4.3.0"
        }
      },
      "System.Runtime.Numerics": {
        "type": "Transitive",
        "resolved": "4.3.0",
        "contentHash": "3uyAkdGv4RL1XL/SOnlfP4SdKlPulXGTTmo3LhDeVxunHIqB5G56+pRDyvtSnJsSd9vTxWV5kKbsaSpDurzIbQ==",
        "dependencies": {
          "System.Globalization": "4.3.0",
          "System.Resources.ResourceManager": "4.3.0",
          "System.Runtime": "4.3.0",
          "System.Runtime.Extensions": "4.3.0"
        }
      },
      "System.Security.Cryptography.Algorithms": {
        "type": "Transitive",
        "resolved": "4.3.0",
        "contentHash": "S8y1WlSaY9xtqSC0Xbglu3zkaK3Z1K+QR/yIT6lX4oHxhX8x0exBC8rnEkqjvu2thzLW5iigxdlcwqIKI7Nv/w==",
        "dependencies": {
          "Microsoft.NETCore.Platforms": "1.1.0",
          "System.Collections": "4.3.0",
          "System.IO": "4.3.0",
          "System.Resources.ResourceManager": "4.3.0",
          "System.Runtime": "4.3.0",
          "System.Runtime.Extensions": "4.3.0",
          "System.Runtime.Handles": "4.3.0",
          "System.Runtime.InteropServices": "4.3.0",
          "System.Runtime.Numerics": "4.3.0",
          "System.Security.Cryptography.Encoding": "4.3.0",
          "System.Security.Cryptography.Primitives": "4.3.0",
          "System.Text.Encoding": "4.3.0",
          "runtime.native.System.Security.Cryptography.Apple": "4.3.0",
          "runtime.native.System.Security.Cryptography.OpenSsl": "4.3.0"
        }
      },
      "System.Security.Cryptography.Cng": {
        "type": "Transitive",
        "resolved": "4.3.0",
        "contentHash": "YnInNBTqp3fnjcobXsu99l6WWZCAgq6pJN8JdecfTBtH+FYX7fkOrVcHjClROhYMpi8SO+n58znfuck4aET16g==",
        "dependencies": {
          "Microsoft.NETCore.Platforms": "1.1.0",
          "System.IO": "4.3.0",
          "System.Resources.ResourceManager": "4.3.0",
          "System.Runtime": "4.3.0",
          "System.Runtime.Extensions": "4.3.0",
          "System.Runtime.Handles": "4.3.0",
          "System.Runtime.InteropServices": "4.3.0",
          "System.Security.Cryptography.Algorithms": "4.3.0",
          "System.Security.Cryptography.Encoding": "4.3.0",
          "System.Security.Cryptography.Primitives": "4.3.0",
          "System.Text.Encoding": "4.3.0"
        }
      },
      "System.Security.Cryptography.Csp": {
        "type": "Transitive",
        "resolved": "4.3.0",
        "contentHash": "KeErXueid1OJSsj5L4vC9V5GfxBQM59kOFXwwZkn/XhQWSrx0IFhsGNbtkW0z0TwIdFva42Z42fbqrL46Y4ENA==",
        "dependencies": {
          "Microsoft.NETCore.Platforms": "1.1.0",
          "System.IO": "4.3.0",
          "System.Reflection": "4.3.0",
          "System.Resources.ResourceManager": "4.3.0",
          "System.Runtime": "4.3.0",
          "System.Runtime.Extensions": "4.3.0",
          "System.Runtime.Handles": "4.3.0",
          "System.Runtime.InteropServices": "4.3.0",
          "System.Security.Cryptography.Algorithms": "4.3.0",
          "System.Security.Cryptography.Encoding": "4.3.0",
          "System.Security.Cryptography.Primitives": "4.3.0",
          "System.Text.Encoding": "4.3.0",
          "System.Threading": "4.3.0"
        }
      },
      "System.Security.Cryptography.Encoding": {
        "type": "Transitive",
        "resolved": "4.3.0",
        "contentHash": "2UR4zmif8DUlmNwBxUES1fItgSTYFlOXmssvjgCS5tEq/2hZxBVkKFISfYcARn15SChqivegXsiEDVI/YY3KCw==",
        "dependencies": {
          "Microsoft.NETCore.Platforms": "1.1.0",
          "System.Collections": "4.3.0",
          "System.Collections.Concurrent": "4.3.0",
          "System.Linq": "4.3.0",
          "System.Resources.ResourceManager": "4.3.0",
          "System.Runtime": "4.3.0",
          "System.Runtime.Extensions": "4.3.0",
          "System.Runtime.Handles": "4.3.0",
          "System.Runtime.InteropServices": "4.3.0",
          "System.Security.Cryptography.Primitives": "4.3.0",
          "System.Text.Encoding": "4.3.0",
          "runtime.native.System.Security.Cryptography.OpenSsl": "4.3.0"
        }
      },
      "System.Security.Cryptography.OpenSsl": {
        "type": "Transitive",
        "resolved": "4.3.0",
        "contentHash": "py4+yKt4FTceaiJtUAOaeQo3kz9yrvod+zJ13AfUl/ew4dtg46Jv8NQTv/y1kGFXQ/0NPOONeQG1wp+5aSVhTg==",
        "dependencies": {
          "System.Collections": "4.3.0",
          "System.IO": "4.3.0",
          "System.Resources.ResourceManager": "4.3.0",
          "System.Runtime": "4.3.0",
          "System.Runtime.Extensions": "4.3.0",
          "System.Runtime.Handles": "4.3.0",
          "System.Runtime.InteropServices": "4.3.0",
          "System.Runtime.Numerics": "4.3.0",
          "System.Security.Cryptography.Algorithms": "4.3.0",
          "System.Security.Cryptography.Encoding": "4.3.0",
          "System.Security.Cryptography.Primitives": "4.3.0",
          "System.Text.Encoding": "4.3.0",
          "runtime.native.System.Security.Cryptography.OpenSsl": "4.3.0"
        }
      },
      "System.Security.Cryptography.Primitives": {
        "type": "Transitive",
        "resolved": "4.3.0",
        "contentHash": "79THXn+gbL+cnUtcMtZd2GsiEWjWDCAYZugrGjdmqWeasYcmLbavTn3cmEEe242HWe897J0OjwKjvTDikKeZZw==",
        "dependencies": {
          "System.Diagnostics.Debug": "4.3.0",
          "System.Globalization": "4.3.0",
          "System.IO": "4.3.0",
          "System.Resources.ResourceManager": "4.3.0",
          "System.Runtime": "4.3.0",
          "System.Threading": "4.3.0",
          "System.Threading.Tasks": "4.3.0"
        }
      },
      "System.Security.Cryptography.X509Certificates": {
        "type": "Transitive",
        "resolved": "4.3.0",
        "contentHash": "+UjkNipX6mydWTWUAMm+v3mUQvNrbAn+VunmKz9Kl0xdpkDXvR+YO4ue4NIns9O4wKqYe+gxxYNWrAzz16fvwQ==",
        "dependencies": {
          "Microsoft.NETCore.Platforms": "1.1.0",
          "System.Collections": "4.3.0",
          "System.Diagnostics.Debug": "4.3.0",
          "System.Globalization": "4.3.0",
          "System.Globalization.Calendars": "4.3.0",
          "System.IO": "4.3.0",
          "System.IO.FileSystem": "4.3.0",
          "System.IO.FileSystem.Primitives": "4.3.0",
          "System.Resources.ResourceManager": "4.3.0",
          "System.Runtime": "4.3.0",
          "System.Runtime.Extensions": "4.3.0",
          "System.Runtime.Handles": "4.3.0",
          "System.Runtime.InteropServices": "4.3.0",
          "System.Runtime.Numerics": "4.3.0",
          "System.Security.Cryptography.Algorithms": "4.3.0",
          "System.Security.Cryptography.Cng": "4.3.0",
          "System.Security.Cryptography.Csp": "4.3.0",
          "System.Security.Cryptography.Encoding": "4.3.0",
          "System.Security.Cryptography.OpenSsl": "4.3.0",
          "System.Security.Cryptography.Primitives": "4.3.0",
          "System.Text.Encoding": "4.3.0",
          "System.Threading": "4.3.0",
          "runtime.native.System": "4.3.0",
          "runtime.native.System.Net.Http": "4.3.0",
          "runtime.native.System.Security.Cryptography.OpenSsl": "4.3.0"
        }
      },
      "System.Text.Encoding": {
        "type": "Transitive",
        "resolved": "4.3.0",
        "contentHash": "JbDJQwS9bE+U5f7BgsxEyJ3xcNPH8K+KOU66LHJ34pRBBnY0IgAHkWaym17IVCr5wNAINgkzYeC+JC7OfQVT1A==",
        "dependencies": {
          "Microsoft.NETCore.Platforms": "1.1.0",
          "Microsoft.NETCore.Targets": "1.1.0",
          "System.Runtime": "4.3.0"
        }
      },
      "System.Text.Encoding.Extensions": {
        "type": "Transitive",
        "resolved": "4.3.0",
        "contentHash": "RKCEEi5ajLkUl3xWWIIPDGvBGOlBfI9eg8TNAXin2RQX2SeANRDh3JwFrSk6YqC/pQ5MOvmI1+zMIquWSCO0+g==",
        "dependencies": {
          "Microsoft.NETCore.Platforms": "1.1.0",
          "Microsoft.NETCore.Targets": "1.1.0",
          "System.Runtime": "4.3.0",
          "System.Text.Encoding": "4.3.0"
        }
      },
      "System.Text.RegularExpressions": {
        "type": "Transitive",
        "resolved": "4.3.0",
        "contentHash": "tthzazFihtBiwIPv0IGoeFeuLHr37UQw1nCR+jGNOWV66jrg13eHWBPT1QtOLSFpOEM1bmMJqIZFiYbZzbjEvQ==",
        "dependencies": {
          "System.Runtime": "4.3.0"
        }
      },
      "System.Threading": {
        "type": "Transitive",
        "resolved": "4.3.0",
        "contentHash": "GtbHCb9OtXtLuZWejquNtNaSGpV2SnhPOPmjalVE4oLj8Lpv/TLZPss1MQMkCsuri5oVeRq+ReaXcHR3U5+b4g==",
        "dependencies": {
          "System.Runtime": "4.3.0",
          "System.Threading.Tasks": "4.3.0"
        }
      },
      "System.Threading.Tasks": {
        "type": "Transitive",
        "resolved": "4.3.0",
        "contentHash": "8mrbWDaK6st2ZC0/k5hsA6RrkScz8nlctD67Jk/H7Wd7iBP02sZ2lNc+czxZFTHMtajsVqgh4H2IoMt63gV71g==",
        "dependencies": {
          "Microsoft.NETCore.Platforms": "1.1.0",
          "Microsoft.NETCore.Targets": "1.1.0",
          "System.Runtime": "4.3.0"
        }
      },
      "System.Threading.Tasks.Extensions": {
        "type": "Transitive",
        "resolved": "4.3.0",
        "contentHash": "LDOQD/f1RNbbMa0RtrruHJ7LQNWlT1Hl3Vu7s39MUO417UgWFcv3wdphoxrjMzxEVL++7krjIkF4nnLOP5ENtg==",
        "dependencies": {
          "System.Collections": "4.3.0",
          "System.Runtime": "4.3.0",
          "System.Threading.Tasks": "4.3.0"
        }
      },
      "System.Threading.Timer": {
        "type": "Transitive",
        "resolved": "4.3.0",
        "contentHash": "Vlr2sHsKgxSNy3z5+hJPQ5ctOTMT+QfzYkF+ekPIBmhzIxBFRmcrFM9/4S4cDEEBAA+7ct+2iANL2nIznplugA==",
        "dependencies": {
          "Microsoft.NETCore.Platforms": "1.1.0",
          "Microsoft.NETCore.Targets": "1.1.0",
          "System.Runtime": "4.3.0"
        }
      },
      "System.Xml.ReaderWriter": {
        "type": "Transitive",
        "resolved": "4.3.0",
        "contentHash": "gqacX1QcMnxYssYCYD/qU94X5RqljK6ZidOFvNcovBQiL3E0hbq0lMkhlXid53N2oYXZs4WhkWX0nckrdbN0bQ==",
        "dependencies": {
          "System.Collections": "4.3.0",
          "System.Diagnostics.Debug": "4.3.0",
          "System.Globalization": "4.3.0",
          "System.IO": "4.3.0",
          "System.IO.FileSystem": "4.3.0",
          "System.IO.FileSystem.Primitives": "4.3.0",
          "System.Resources.ResourceManager": "4.3.0",
          "System.Runtime": "4.3.0",
          "System.Runtime.Extensions": "4.3.0",
          "System.Runtime.InteropServices": "4.3.0",
          "System.Text.Encoding": "4.3.0",
          "System.Text.Encoding.Extensions": "4.3.0",
          "System.Text.RegularExpressions": "4.3.0",
          "System.Threading.Tasks": "4.3.0",
          "System.Threading.Tasks.Extensions": "4.3.0"
        }
      },
      "System.Xml.XDocument": {
        "type": "Transitive",
        "resolved": "4.3.0",
        "contentHash": "qqNk8WFumI47lyZRnLNbJ8h1qF/9+MbBAZdhQoEoaINPmcxWGARhVIqzA0XMZvNczjGMXBdJ4sVi+oVCPuUIEA==",
        "dependencies": {
          "System.Collections": "4.3.0",
          "System.Diagnostics.Debug": "4.3.0",
          "System.Diagnostics.Tools": "4.3.0",
          "System.Globalization": "4.3.0",
          "System.IO": "4.3.0",
          "System.Reflection": "4.3.0",
          "System.Resources.ResourceManager": "4.3.0",
          "System.Runtime": "4.3.0",
          "System.Runtime.Extensions": "4.3.0",
          "System.Text.Encoding": "4.3.0",
          "System.Threading": "4.3.0",
          "System.Xml.ReaderWriter": "4.3.0"
        }
      }
    }
  }
}